
Microsoft Visual Studio Solution File, Format Version 12.00
# Visual Studio 14
VisualStudioVersion = 14.0.25420.1
MinimumVisualStudioVersion = 10.0.40219.1
Project("{FAE04EC0-301F-11D3-BF4B-00C04F79EFBC}") = "xamarin-google-ima-android", "xamarin-google-ima-android\xamarin-google-ima-android.csproj", "{6BDB7EAB-CCDA-423E-A7F0-8C54A8EFE92B}"
EndProject
Global
	GlobalSection(SolutionConfigurationPlatforms) = preSolution
		Debug|Any CPU = Debug|Any CPU
		Release|Any CPU = Release|Any CPU
	EndGlobalSection
	GlobalSection(ProjectConfigurationPlatforms) = postSolution
		{6BDB7EAB-CCDA-423E-A7F0-8C54A8EFE92B}.Debug|Any CPU.ActiveCfg = Debug|Any CPU
		{6BDB7EAB-CCDA-423E-A7F0-8C54A8EFE92B}.Debug|Any CPU.Build.0 = Debug|Any CPU
		{6BDB7EAB-CCDA-423E-A7F0-8C54A8EFE92B}.Release|Any CPU.ActiveCfg = Release|Any CPU
		{6BDB7EAB-CCDA-423E-A7F0-8C54A8EFE92B}.Release|Any CPU.Build.0 = Release|Any CPU
	EndGlobalSection
	GlobalSection(SolutionProperties) = preSolution
		HideSolutionNode = FALSE
	EndGlobalSection
EndGlobal
